
Microsoft Visual Studio Solution File, Format Version 12.00
# Visual Studio Version 17
VisualStudioVersion = 17.8.34330.188
MinimumVisualStudioVersion = 10.0.40219.1
Project("{FAE04EC0-301F-11D3-BF4B-00C04F79EFBC}") = "Yatzeee", "Yatzeee.csproj", "{5E45EAD1-6197-47AA-8CE7-89F3D13CB84D}"
EndProject
Global
	GlobalSection(SolutionConfigurationPlatforms) = preSolution
		Debug|Any CPU = Debug|Any CPU
		Release|Any CPU = Release|Any CPU
	EndGlobalSection
	GlobalSection(ProjectConfigurationPlatforms) = postSolution
		{5E45EAD1-6197-47AA-8CE7-89F3D13CB84D}.Debug|Any CPU.ActiveCfg = Debug|Any CPU
		{5E45EAD1-6197-47AA-8CE7-89F3D13CB84D}.Debug|Any CPU.Build.0 = Debug|Any CPU
		{5E45EAD1-6197-47AA-8CE7-89F3D13CB84D}.Release|Any CPU.ActiveCfg = Release|Any CPU
		{5E45EAD1-6197-47AA-8CE7-89F3D13CB84D}.Release|Any CPU.Build.0 = Release|Any CPU
	EndGlobalSection
	GlobalSection(SolutionProperties) = preSolution
		HideSolutionNode = FALSE
	EndGlobalSection
	GlobalSection(ExtensibilityGlobals) = postSolution
		SolutionGuid = {6FF27847-712C-47EC-9120-13DC73C845FE}
	EndGlobalSection
EndGlobal
